
Microsoft Visual Studio Solution File, Format Version 12.00
# Visual Studio Version 16
VisualStudioVersion = 16.0.31105.61
MinimumVisualStudioVersion = 10.0.40219.1
Project("{FAE04EC0-301F-11D3-BF4B-00C04F79EFBC}") = "Fiorello", "Fiorello\Fiorello.csproj", "{70BCE682-A9CA-4943-8C8A-5312B1263B96}"
EndProject
Global
	GlobalSection(SolutionConfigurationPlatforms) = preSolution
		Debug|Any CPU = Debug|Any CPU
		Release|Any CPU = Release|Any CPU
	EndGlobalSection
	GlobalSection(ProjectConfigurationPlatforms) = postSolution
		{70BCE682-A9CA-4943-8C8A-5312B1263B96}.Debug|Any CPU.ActiveCfg = Debug|Any CPU
		{70BCE682-A9CA-4943-8C8A-5312B1263B96}.Debug|Any CPU.Build.0 = Debug|Any CPU
		{70BCE682-A9CA-4943-8C8A-5312B1263B96}.Release|Any CPU.ActiveCfg = Release|Any CPU
		{70BCE682-A9CA-4943-8C8A-5312B1263B96}.Release|Any CPU.Build.0 = Release|Any CPU
	EndGlobalSection
	GlobalSection(SolutionProperties) = preSolution
		HideSolutionNode = FALSE
	EndGlobalSection
	GlobalSection(ExtensibilityGlobals) = postSolution
		SolutionGuid = {DCD45A27-722A-4610-BC73-B92DB4300D99}
	EndGlobalSection
EndGlobal
